Microsoft Visual Studio Solution File, Format Version 12.00
# Visual Studio Version 17
VisualStudioVersion = 17.0.31903.59
MinimumVisualStudioVersion = 10.0.40219.1
Project("{2150E333-8FDC-42A3-9474-1A3956D46DE8}") = "src", "src", "{58A1AFEB-BE5E-42CF-A36E-A3B64357EEBC}"
EndProject
Project("{FAE04EC0-301F-11D3-BF4B-00C04F79EFBC}") = "TestShieldAI.Api", "src\TestShieldAI.Api\TestShieldAI.Api.csproj", "{3C282782-901B-4568-A4D4-42CA9D15573F}"
EndProject
Project("{FAE04EC0-301F-11D3-BF4B-00C04F79EFBC}") = "TestShieldAI.Engine", "src\TestShieldAI.Engine\TestShieldAI.Engine.csproj", "{CD2A88B6-09BA-412C-89B2-84F33B015B49}"
EndProject
Project("{FAE04EC0-301F-11D3-BF4B-00C04F79EFBC}") = "TestShieldAI.Ci", "src\TestShieldAI.Ci\TestShieldAI.Ci.csproj", "{A7E2C4D1-6B58-4F2A-9C11-8D3E5F7A1B90}"
EndProject
Project("{2150E333-8FDC-42A3-9474-1A3956D46DE8}") = "tests", "tests", "{45A67CAC-3767-4D13-A69D-9780FCB7C8D8}"
EndProject
Project("{FAE04EC0-301F-11D3-BF4B-00C04F79EFBC}") = "TestShieldAI.Engine.Tests", "tests\TestShieldAI.Engine.Tests\TestShieldAI.Engine.Tests.csproj", "{4D8468C6-5008-4083-8FBB-473391B9C40F}"
EndProject
Project("{FAE04EC0-301F-11D3-BF4B-00C04F79EFBC}") = "TestShieldAI.DemoApi", "src\TestShieldAI.DemoApi\TestShieldAI.DemoApi.csproj", "{0C48A76E-77B4-4526-B475-C81D2CAF37D3}"
EndProject
Project("{FAE04EC0-301F-11D3-BF4B-00C04F79EFBC}") = "TestShieldAI.DemoApi.Tests", "tests\TestShieldAI.DemoApi.Tests\TestShieldAI.DemoApi.Tests.csproj", "{848EEF75-C6F3-4203-9275-AB576A49BD5E}"
EndProject
Global
	GlobalSection(SolutionProperties) = preSolution
		HideSolutionNode = FALSE
	EndGlobalSection
	GlobalSection(SolutionConfigurationPlatforms) = preSolution
		Debug|Any CPU = Debug|Any CPU
		Debug|x64 = Debug|x64
		Debug|x86 = Debug|x86
		Release|Any CPU = Release|Any CPU
		Release|x64 = Release|x64
		Release|x86 = Release|x86
	EndGlobalSection
	GlobalSection(ProjectConfigurationPlatforms) = postSolution
		{3C282782-901B-4568-A4D4-42CA9D15573F}.Debug|Any CPU.ActiveCfg = Debug|Any CPU
		{3C282782-901B-4568-A4D4-42CA9D15573F}.Debug|Any CPU.Build.0 = Debug|Any CPU
		{3C282782-901B-4568-A4D4-42CA9D15573F}.Debug|x64.ActiveCfg = Debug|Any CPU
		{3C282782-901B-4568-A4D4-42CA9D15573F}.Debug|x64.Build.0 = Debug|Any CPU
		{3C282782-901B-4568-A4D4-42CA9D15573F}.Debug|x86.ActiveCfg = Debug|Any CPU
		{3C282782-901B-4568-A4D4-42CA9D15573F}.Debug|x86.Build.0 = Debug|Any CPU
		{3C282782-901B-4568-A4D4-42CA9D15573F}.Release|Any CPU.ActiveCfg = Release|Any CPU
		{3C282782-901B-4568-A4D4-42CA9D15573F}.Release|Any CPU.Build.0 = Release|Any CPU
		{3C282782-901B-4568-A4D4-42CA9D15573F}.Release|x64.ActiveCfg = Release|Any CPU
		{3C282782-901B-4568-A4D4-42CA9D15573F}.Release|x64.Build.0 = Release|Any CPU
		{3C282782-901B-4568-A4D4-42CA9D15573F}.Release|x86.ActiveCfg = Release|Any CPU
		{3C282782-901B-4568-A4D4-42CA9D15573F}.Release|x86.Build.0 = Release|Any CPU
		{CD2A88B6-09BA-412C-89B2-84F33B015B49}.Debug|Any CPU.ActiveCfg = Debug|Any CPU
		{CD2A88B6-09BA-412C-89B2-84F33B015B49}.Debug|Any CPU.Build.0 = Debug|Any CPU
		{CD2A88B6-09BA-412C-89B2-84F33B015B49}.Debug|x64.ActiveCfg = Debug|Any CPU
		{CD2A88B6-09BA-412C-89B2-84F33B015B49}.Debug|x64.Build.0 = Debug|Any CPU
		{CD2A88B6-09BA-412C-89B2-84F33B015B49}.Debug|x86.ActiveCfg = Debug|Any CPU
		{CD2A88B6-09BA-412C-89B2-84F33B015B49}.Debug|x86.Build.0 = Debug|Any CPU
		{CD2A88B6-09BA-412C-89B2-84F33B015B49}.Release|Any CPU.ActiveCfg = Release|Any CPU
		{CD2A88B6-09BA-412C-89B2-84F33B015B49}.Release|Any CPU.Build.0 = Release|Any CPU
		{CD2A88B6-09BA-412C-89B2-84F33B015B49}.Release|x64.ActiveCfg = Release|Any CPU
		{CD2A88B6-09BA-412C-89B2-84F33B015B49}.Release|x64.Build.0 = Release|Any CPU
		{CD2A88B6-09BA-412C-89B2-84F33B015B49}.Release|x86.ActiveCfg = Release|Any CPU
		{CD2A88B6-09BA-412C-89B2-84F33B015B49}.Release|x86.Build.0 = Release|Any CPU
		{A7E2C4D1-6B58-4F2A-9C11-8D3E5F7A1B90}.Debug|Any CPU.ActiveCfg = Debug|Any CPU
		{A7E2C4D1-6B58-4F2A-9C11-8D3E5F7A1B90}.Debug|Any CPU.Build.0 = Debug|Any CPU
		{A7E2C4D1-6B58-4F2A-9C11-8D3E5F7A1B90}.Debug|x64.ActiveCfg = Debug|Any CPU
		{A7E2C4D1-6B58-4F2A-9C11-8D3E5F7A1B90}.Debug|x64.Build.0 = Debug|Any CPU
		{A7E2C4D1-6B58-4F2A-9C11-8D3E5F7A1B90}.Debug|x86.ActiveCfg = Debug|Any CPU
		{A7E2C4D1-6B58-4F2A-9C11-8D3E5F7A1B90}.Debug|x86.Build.0 = Debug|Any CPU
		{A7E2C4D1-6B58-4F2A-9C11-8D3E5F7A1B90}.Release|Any CPU.ActiveCfg = Release|Any CPU
		{A7E2C4D1-6B58-4F2A-9C11-8D3E5F7A1B90}.Release|Any CPU.Build.0 = Release|Any CPU
		{A7E2C4D1-6B58-4F2A-9C11-8D3E5F7A1B90}.Release|x64.ActiveCfg = Release|Any CPU
		{A7E2C4D1-6B58-4F2A-9C11-8D3E5F7A1B90}.Release|x64.Build.0 = Release|Any CPU
		{A7E2C4D1-6B58-4F2A-9C11-8D3E5F7A1B90}.Release|x86.ActiveCfg = Release|Any CPU
		{A7E2C4D1-6B58-4F2A-9C11-8D3E5F7A1B90}.Release|x86.Build.0 = Release|Any CPU
		{4D8468C6-5008-4083-8FBB-473391B9C40F}.Debug|Any CPU.ActiveCfg = Debug|Any CPU
		{4D8468C6-5008-4083-8FBB-473391B9C40F}.Debug|Any CPU.Build.0 = Debug|Any CPU
		{4D8468C6-5008-4083-8FBB-473391B9C40F}.Debug|x64.ActiveCfg = Debug|Any CPU
		{4D8468C6-5008-4083-8FBB-473391B9C40F}.Debug|x64.Build.0 = Debug|Any CPU
		{4D8468C6-5008-4083-8FBB-473391B9C40F}.Debug|x86.ActiveCfg = Debug|Any CPU
		{4D8468C6-5008-4083-8FBB-473391B9C40F}.Debug|x86.Build.0 = Debug|Any CPU
		{4D8468C6-5008-4083-8FBB-473391B9C40F}.Release|Any CPU.ActiveCfg = Release|Any CPU
		{4D8468C6-5008-4083-8FBB-473391B9C40F}.Release|Any CPU.Build.0 = Release|Any CPU
		{4D8468C6-5008-4083-8FBB-473391B9C40F}.Release|x64.ActiveCfg = Release|Any CPU
		{4D8468C6-5008-4083-8FBB-473391B9C40F}.Release|x64.Build.0 = Release|Any CPU
		{4D8468C6-5008-4083-8FBB-473391B9C40F}.Release|x86.ActiveCfg = Release|Any CPU
		{4D8468C6-5008-4083-8FBB-473391B9C40F}.Release|x86.Build.0 = Release|Any CPU
		{0C48A76E-77B4-4526-B475-C81D2CAF37D3}.Debug|Any CPU.ActiveCfg = Debug|Any CPU
		{0C48A76E-77B4-4526-B475-C81D2CAF37D3}.Debug|Any CPU.Build.0 = Debug|Any CPU
		{0C48A76E-77B4-4526-B475-C81D2CAF37D3}.Debug|x64.ActiveCfg = Debug|Any CPU
		{0C48A76E-77B4-4526-B475-C81D2CAF37D3}.Debug|x64.Build.0 = Debug|Any CPU
		{0C48A76E-77B4-4526-B475-C81D2CAF37D3}.Debug|x86.ActiveCfg = Debug|Any CPU
		{0C48A76E-77B4-4526-B475-C81D2CAF37D3}.Debug|x86.Build.0 = Debug|Any CPU
		{0C48A76E-77B4-4526-B475-C81D2CAF37D3}.Release|Any CPU.ActiveCfg = Release|Any CPU
		{0C48A76E-77B4-4526-B475-C81D2CAF37D3}.Release|Any CPU.Build.0 = Release|Any CPU
		{0C48A76E-77B4-4526-B475-C81D2CAF37D3}.Release|x64.ActiveCfg = Release|Any CPU
		{0C48A76E-77B4-4526-B475-C81D2CAF37D3}.Release|x64.Build.0 = Release|Any CPU
		{0C48A76E-77B4-4526-B475-C81D2CAF37D3}.Release|x86.ActiveCfg = Release|Any CPU
		{0C48A76E-77B4-4526-B475-C81D2CAF37D3}.Release|x86.Build.0 = Release|Any CPU
		{848EEF75-C6F3-4203-9275-AB576A49BD5E}.Debug|Any CPU.ActiveCfg = Debug|Any CPU
		{848EEF75-C6F3-4203-9275-AB576A49BD5E}.Debug|Any CPU.Build.0 = Debug|Any CPU
		{848EEF75-C6F3-4203-9275-AB576A49BD5E}.Debug|x64.ActiveCfg = Debug|Any CPU
		{848EEF75-C6F3-4203-9275-AB576A49BD5E}.Debug|x64.Build.0 = Debug|Any CPU
		{848EEF75-C6F3-4203-9275-AB576A49BD5E}.Debug|x86.ActiveCfg = Debug|Any CPU
		{848EEF75-C6F3-4203-9275-AB576A49BD5E}.Debug|x86.Build.0 = Debug|Any CPU
		{848EEF75-C6F3-4203-9275-AB576A49BD5E}.Release|Any CPU.ActiveCfg = Release|Any CPU
		{848EEF75-C6F3-4203-9275-AB576A49BD5E}.Release|Any CPU.Build.0 = Release|Any CPU
		{848EEF75-C6F3-4203-9275-AB576A49BD5E}.Release|x64.ActiveCfg = Release|Any CPU
		{848EEF75-C6F3-4203-9275-AB576A49BD5E}.Release|x64.Build.0 = Release|Any CPU
		{848EEF75-C6F3-4203-9275-AB576A49BD5E}.Release|x86.ActiveCfg = Release|Any CPU
		{848EEF75-C6F3-4203-9275-AB576A49BD5E}.Release|x86.Build.0 = Release|Any CPU
	EndGlobalSection
	GlobalSection(NestedProjects) = preSolution
		{3C282782-901B-4568-A4D4-42CA9D15573F} = {58A1AFEB-BE5E-42CF-A36E-A3B64357EEBC}
		{CD2A88B6-09BA-412C-89B2-84F33B015B49} = {58A1AFEB-BE5E-42CF-A36E-A3B64357EEBC}
		{A7E2C4D1-6B58-4F2A-9C11-8D3E5F7A1B90} = {58A1AFEB-BE5E-42CF-A36E-A3B64357EEBC}
		{4D8468C6-5008-4083-8FBB-473391B9C40F} = {45A67CAC-3767-4D13-A69D-9780FCB7C8D8}
		{0C48A76E-77B4-4526-B475-C81D2CAF37D3} = {58A1AFEB-BE5E-42CF-A36E-A3B64357EEBC}
		{848EEF75-C6F3-4203-9275-AB576A49BD5E} = {45A67CAC-3767-4D13-A69D-9780FCB7C8D8}
	EndGlobalSection
EndGlobal
